// !$*UTF8*$!
{
	archiveVersion = 1;
	classes = {
	};
	objectVersion = 55;
	objects = {

/* Begin PBXBuildFile section */
		3B08EF0955EB6F01C8A544A6 /* Pods_Motocycles.framework in Frameworks */ = {isa = PBXBuildFile; fileRef = 3D156004F4AAA6A7FB1F2AF2 /* Pods_Motocycles.framework */; };
		C16F332E278A1CF200055FCC /* ModelMotocycles.swift in Sources */ = {isa = PBXBuildFile; fileRef = C16F332D278A1CF200055FCC /* ModelMotocycles.swift */; };
		C16F3331278A1F1000055FCC /* DetalMotocycle.swift in Sources */ = {isa = PBXBuildFile; fileRef = C16F3330278A1F1000055FCC /* DetalMotocycle.swift */; };
		C16F3334278A1FC100055FCC /* protocolMotocycle.swift in Sources */ = {isa = PBXBuildFile; fileRef = C16F3333278A1FC100055FCC /* protocolMotocycle.swift */; };
		C16F3339278A34B100055FCC /* itemMotocycle.xib in Resources */ = {isa = PBXBuildFile; fileRef = C16F3337278A34B100055FCC /* itemMotocycle.xib */; };
		C16F333E278A35C200055FCC /* itemMotocycle.swift in Sources */ = {isa = PBXBuildFile; fileRef = C16F333D278A35C200055FCC /* itemMotocycle.swift */; };
		C1FFA1152787929B00921A47 /* AppDelegate.swift in Sources */ = {isa = PBXBuildFile; fileRef = C1FFA1142787929B00921A47 /* AppDelegate.swift */; };
		C1FFA1172787929B00921A47 /* SceneDelegate.swift in Sources */ = {isa = PBXBuildFile; fileRef = C1FFA1162787929B00921A47 /* SceneDelegate.swift */; };
		C1FFA1192787929B00921A47 /* ViewController.swift in Sources */ = {isa = PBXBuildFile; fileRef = C1FFA1182787929B00921A47 /* ViewController.swift */; };
		C1FFA11C2787929B00921A47 /* Main.storyboard in Resources */ = {isa = PBXBuildFile; fileRef = C1FFA11A2787929B00921A47 /* Main.storyboard */; };
		C1FFA11E2787929B00921A47 /* Assets.xcassets in Resources */ = {isa = PBXBuildFile; fileRef = C1FFA11D2787929B00921A47 /* Assets.xcassets */; };
		C1FFA1212787929B00921A47 /* LaunchScreen.storyboard in Resources */ = {isa = PBXBuildFile; fileRef = C1FFA11F2787929B00921A47 /* LaunchScreen.storyboard */; };
		C1FFA12E2787996900921A47 /* 404ErrorAnimation.json in Resources */ = {isa = PBXBuildFile; fileRef = C1FFA1292787996900921A47 /* 404ErrorAnimation.json */; };
		C1FFA12F2787996900921A47 /* starInHandBabyAstronaut.json in Resources */ = {isa = PBXBuildFile; fileRef = C1FFA12A2787996900921A47 /* starInHandBabyAstronaut.json */; };
		C1FFA1302787996900921A47 /* graphDiagramAnimation.json in Resources */ = {isa = PBXBuildFile; fileRef = C1FFA12B2787996900921A47 /* graphDiagramAnimation.json */; };
		C1FFA1312787996900921A47 /* loadingCircles.json in Resources */ = {isa = PBXBuildFile; fileRef = C1FFA12C2787996900921A47 /* loadingCircles.json */; };
		C1FFA1322787996900921A47 /* addlandHeatfavV2.json in Resources */ = {isa = PBXBuildFile; fileRef = C1FFA12D2787996900921A47 /* addlandHeatfavV2.json */; };
		C1FFA1362788C88100921A47 /* modelAnimations.swift in Sources */ = {isa = PBXBuildFile; fileRef = C1FFA1352788C88100921A47 /* modelAnimations.swift */; };
		C1FFA1392788D13100921A47 /* FunctionsAnimations.swift in Sources */ = {isa = PBXBuildFile; fileRef = C1FFA1382788D13100921A47 /* FunctionsAnimations.swift */; };
		C1FFA13D2788E85800921A47 /* LaunchScreen.swift in Sources */ = {isa = PBXBuildFile; fileRef = C1FFA13C2788E85800921A47 /* LaunchScreen.swift */; };
		C1FFA1412789712F00921A47 /* itemHorario.swift in Sources */ = {isa = PBXBuildFile; fileRef = C1FFA13F2789712F00921A47 /* itemHorario.swift */; };
		C1FFA1422789712F00921A47 /* itemHorario.xib in Resources */ = {isa = PBXBuildFile; fileRef = C1FFA1402789712F00921A47 /* itemHorario.xib */; };
/* End PBXBuildFile section */

/* Begin PBXFileReference section */
		3D156004F4AAA6A7FB1F2AF2 /* Pods_Motocycles.framework */ = {isa = PBXFileReference; explicitFileType = wrapper.framework; includeInIndex = 0; path = Pods_Motocycles.framework; sourceTree = BUILT_PRODUCTS_DIR; };
		4BA466167BBA6EB7C9419DD8 /* Pods-Motocycles.release.xcconfig */ = {isa = PBXFileReference; includeInIndex = 1; lastKnownFileType = text.xcconfig; name = "Pods-Motocycles.release.xcconfig"; path = "Target Support Files/Pods-Motocycles/Pods-Motocycles.release.xcconfig"; sourceTree = "<group>"; };
		AA5CE53BFB9789C7FF1E0075 /* Pods-Motocycles.debug.xcconfig */ = {isa = PBXFileReference; includeInIndex = 1; lastKnownFileType = text.xcconfig; name = "Pods-Motocycles.debug.xcconfig"; path = "Target Support Files/Pods-Motocycles/Pods-Motocycles.debug.xcconfig"; sourceTree = "<group>"; };
		C16F332D278A1CF200055FCC /* ModelMotocycles.swift */ = {isa = PBXFileReference; lastKnownFileType = sourcecode.swift; path = ModelMotocycles.swift; sourceTree = "<group>"; };
		C16F3330278A1F1000055FCC /* DetalMotocycle.swift */ = {isa = PBXFileReference; lastKnownFileType = sourcecode.swift; path = DetalMotocycle.swift; sourceTree = "<group>"; };
		C16F3333278A1FC100055FCC /* protocolMotocycle.swift */ = {isa = PBXFileReference; lastKnownFileType = sourcecode.swift; path = protocolMotocycle.swift; sourceTree = "<group>"; };
		C16F3337278A34B100055FCC /* itemMotocycle.xib */ = {isa = PBXFileReference; lastKnownFileType = file.xib; path = itemMotocycle.xib; sourceTree = "<group>"; };
		C16F333D278A35C200055FCC /* itemMotocycle.swift */ = {isa = PBXFileReference; lastKnownFileType = sourcecode.swift; path = itemMotocycle.swift; sourceTree = "<group>"; };
		C1FFA1112787929B00921A47 /* Motocycles.app */ = {isa = PBXFileReference; explicitFileType = wrapper.application; includeInIndex = 0; path = Motocycles.app; sourceTree = BUILT_PRODUCTS_DIR; };
		C1FFA1142787929B00921A47 /* AppDelegate.swift */ = {isa = PBXFileReference; lastKnownFileType = sourcecode.swift; path = AppDelegate.swift; sourceTree = "<group>"; };
		C1FFA1162787929B00921A47 /* SceneDelegate.swift */ = {isa = PBXFileReference; lastKnownFileType = sourcecode.swift; path = SceneDelegate.swift; sourceTree = "<group>"; };
		C1FFA1182787929B00921A47 /* ViewController.swift */ = {isa = PBXFileReference; lastKnownFileType = sourcecode.swift; path = ViewController.swift; sourceTree = "<group>"; };
		C1FFA11B2787929B00921A47 /* Base */ = {isa = PBXFileReference; lastKnownFileType = file.storyboard; name = Base; path = Base.lproj/Main.storyboard; sourceTree = "<group>"; };
		C1FFA11D2787929B00921A47 /* Assets.xcassets */ = {isa = PBXFileReference; lastKnownFileType = folder.assetcatalog; path = Assets.xcassets; sourceTree = "<group>"; };
		C1FFA1202787929B00921A47 /* Base */ = {isa = PBXFileReference; lastKnownFileType = file.storyboard; name = Base; path = Base.lproj/LaunchScreen.storyboard; sourceTree = "<group>"; };
		C1FFA1222787929B00921A47 /* Info.plist */ = {isa = PBXFileReference; lastKnownFileType = text.plist.xml; path = Info.plist; sourceTree = "<group>"; };
		C1FFA1292787996900921A47 /* 404ErrorAnimation.json */ = {isa = PBXFileReference; fileEncoding = 4; lastKnownFileType = text.json; path = 404ErrorAnimation.json; sourceTree = "<group>"; };
		C1FFA12A2787996900921A47 /* starInHandBabyAstronaut.json */ = {isa = PBXFileReference; fileEncoding = 4; lastKnownFileType = text.json; path = starInHandBabyAstronaut.json; sourceTree = "<group>"; };
		C1FFA12B2787996900921A47 /* graphDiagramAnimation.json */ = {isa = PBXFileReference; fileEncoding = 4; lastKnownFileType = text.json; path = graphDiagramAnimation.json; sourceTree = "<group>"; };
		C1FFA12C2787996900921A47 /* loadingCircles.json */ = {isa = PBXFileReference; fileEncoding = 4; lastKnownFileType = text.json; path = loadingCircles.json; sourceTree = "<group>"; };
		C1FFA12D2787996900921A47 /* addlandHeatfavV2.json */ = {isa = PBXFileReference; fileEncoding = 4; lastKnownFileType = text.json; path = addlandHeatfavV2.json; sourceTree = "<group>"; };
		C1FFA1352788C88100921A47 /* modelAnimations.swift */ = {isa = PBXFileReference; lastKnownFileType = sourcecode.swift; path = modelAnimations.swift; sourceTree = "<group>"; };
		C1FFA1382788D13100921A47 /* FunctionsAnimations.swift */ = {isa = PBXFileReference; lastKnownFileType = sourcecode.swift; path = FunctionsAnimations.swift; sourceTree = "<group>"; };
		C1FFA13C2788E85800921A47 /* LaunchScreen.swift */ = {isa = PBXFileReference; lastKnownFileType = sourcecode.swift; path = LaunchScreen.swift; sourceTree = "<group>"; };
		C1FFA13F2789712F00921A47 /* itemHorario.swift */ = {isa = PBXFileReference; lastKnownFileType = sourcecode.swift; path = itemHorario.swift; sourceTree = "<group>"; };
		C1FFA1402789712F00921A47 /* itemHorario.xib */ = {isa = PBXFileReference; lastKnownFileType = file.xib; path = itemHorario.xib; sourceTree = "<group>"; };
/* End PBXFileReference section */

/* Begin PBXFrameworksBuildPhase section */
		C1FFA10E2787929B00921A47 /* Frameworks */ = {
			isa = PBXFrameworksBuildPhase;
			buildActionMask = 2147483647;
			files = (
				3B08EF0955EB6F01C8A544A6 /* Pods_Motocycles.framework in Frameworks */,
			);
			runOnlyForDeploymentPostprocessing = 0;
		};
/* End PBXFrameworksBuildPhase section */

/* Begin PBXGroup section */
		3F88705B17DBF88B7D982D53 /* Frameworks */ = {
			isa = PBXGroup;
			children = (
				3D156004F4AAA6A7FB1F2AF2 /* Pods_Motocycles.framework */,
			);
			name = Frameworks;
			sourceTree = "<group>";
		};
		A31C69885A41C55CF035C0FB /* Pods */ = {
			isa = PBXGroup;
			children = (
				AA5CE53BFB9789C7FF1E0075 /* Pods-Motocycles.debug.xcconfig */,
				4BA466167BBA6EB7C9419DD8 /* Pods-Motocycles.release.xcconfig */,
			);
			path = Pods;
			sourceTree = "<group>";
		};
		C16F332C278A1CB100055FCC /* ModelMotocycles */ = {
			isa = PBXGroup;
			children = (
				C16F332D278A1CF200055FCC /* ModelMotocycles.swift */,
			);
			path = ModelMotocycles;
			sourceTree = "<group>";
		};
		C16F332F278A1ECF00055FCC /* ControllerDetailMotocycles */ = {
			isa = PBXGroup;
			children = (
				C16F3330278A1F1000055FCC /* DetalMotocycle.swift */,
			);
			path = ControllerDetailMotocycles;
			sourceTree = "<group>";
		};
		C16F3332278A1FA000055FCC /* Protocols */ = {
			isa = PBXGroup;
			children = (
				C16F3333278A1FC100055FCC /* protocolMotocycle.swift */,
			);
			path = Protocols;
			sourceTree = "<group>";
		};
		C16F3335278A347B00055FCC /* CollectionMotocycles */ = {
			isa = PBXGroup;
			children = (
				C16F3337278A34B100055FCC /* itemMotocycle.xib */,
				C16F333D278A35C200055FCC /* itemMotocycle.swift */,
			);
			path = CollectionMotocycles;
			sourceTree = "<group>";
		};
		C16F333A278A34D600055FCC /* Main */ = {
			isa = PBXGroup;
			children = (
				C1FFA1182787929B00921A47 /* ViewController.swift */,
				C1FFA13C2788E85800921A47 /* LaunchScreen.swift */,
			);
			path = Main;
			sourceTree = "<group>";
		};
		C16F333B278A34F000055FCC /* Delegate */ = {
			isa = PBXGroup;
			children = (
				C1FFA1142787929B00921A47 /* AppDelegate.swift */,
				C1FFA1162787929B00921A47 /* SceneDelegate.swift */,
			);
			path = Delegate;
			sourceTree = "<group>";
		};
		C16F333C278A350900055FCC /* Main */ = {
			isa = PBXGroup;
			children = (
				C1FFA11A2787929B00921A47 /* Main.storyboard */,
				C1FFA11F2787929B00921A47 /* LaunchScreen.storyboard */,
			);
			path = Main;
			sourceTree = "<group>";
		};
		C1FFA1082787929B00921A47 = {
			isa = PBXGroup;
			children = (
				C1FFA1132787929B00921A47 /* Motocycles */,
				C1FFA1122787929B00921A47 /* Products */,
				A31C69885A41C55CF035C0FB /* Pods */,
				3F88705B17DBF88B7D982D53 /* Frameworks */,
			);
			sourceTree = "<group>";
		};
		C1FFA1122787929B00921A47 /* Products */ = {
			isa = PBXGroup;
			children = (
				C1FFA1112787929B00921A47 /* Motocycles.app */,
			);
			name = Products;
			sourceTree = "<group>";
		};
		C1FFA1132787929B00921A47 /* Motocycles */ = {
			isa = PBXGroup;
			children = (
				C16F333B278A34F000055FCC /* Delegate */,
				C16F3332278A1FA000055FCC /* Protocols */,
				C1FFA1332788C84200921A47 /* Models */,
				C1FFA13B2788E81700921A47 /* Views */,
				C1FFA13A2788E7FF00921A47 /* Controllers */,
				C1FFA1222787929B00921A47 /* Info.plist */,
			);
			path = Motocycles;
			sourceTree = "<group>";
		};
		C1FFA1282787994F00921A47 /* Assets */ = {
			isa = PBXGroup;
			children = (
				C1FFA11D2787929B00921A47 /* Assets.xcassets */,
				C1FFA1292787996900921A47 /* 404ErrorAnimation.json */,
				C1FFA12D2787996900921A47 /* addlandHeatfavV2.json */,
				C1FFA12B2787996900921A47 /* graphDiagramAnimation.json */,
				C1FFA12C2787996900921A47 /* loadingCircles.json */,
				C1FFA12A2787996900921A47 /* starInHandBabyAstronaut.json */,
			);
			path = Assets;
			sourceTree = "<group>";
		};
		C1FFA1332788C84200921A47 /* Models */ = {
			isa = PBXGroup;
			children = (
				C16F332C278A1CB100055FCC /* ModelMotocycles */,
				C1FFA1282787994F00921A47 /* Assets */,
				C1FFA1342788C84D00921A47 /* ModelAnimation */,
			);
			path = Models;
			sourceTree = "<group>";
		};
		C1FFA1342788C84D00921A47 /* ModelAnimation */ = {
			isa = PBXGroup;
			children = (
				C1FFA1352788C88100921A47 /* modelAnimations.swift */,
			);
			path = ModelAnimation;
			sourceTree = "<group>";
		};
		C1FFA1372788D0EF00921A47 /* Extensions */ = {
			isa = PBXGroup;
			children = (
				C1FFA1382788D13100921A47 /* FunctionsAnimations.swift */,
			);
			path = Extensions;
			sourceTree = "<group>";
		};
		C1FFA13A2788E7FF00921A47 /* Controllers */ = {
			isa = PBXGroup;
			children = (
				C16F333A278A34D600055FCC /* Main */,
				C16F332F278A1ECF00055FCC /* ControllerDetailMotocycles */,
				C1FFA1432789713A00921A47 /* itemHorarios */,
				C1FFA1372788D0EF00921A47 /* Extensions */,
			);
			path = Controllers;
			sourceTree = "<group>";
		};
		C1FFA13B2788E81700921A47 /* Views */ = {
			isa = PBXGroup;
			children = (
				C16F333C278A350900055FCC /* Main */,
				C16F3335278A347B00055FCC /* CollectionMotocycles */,
				C1FFA13E278970F100921A47 /* TableHorarios */,
			);
			path = Views;
			sourceTree = "<group>";
		};
		C1FFA13E278970F100921A47 /* TableHorarios */ = {
			isa = PBXGroup;
			children = (
				C1FFA1402789712F00921A47 /* itemHorario.xib */,
			);
			path = TableHorarios;
			sourceTree = "<group>";
		};
		C1FFA1432789713A00921A47 /* itemHorarios */ = {
			isa = PBXGroup;
			children = (
				C1FFA13F2789712F00921A47 /* itemHorario.swift */,
			);
			path = itemHorarios;
			sourceTree = "<group>";
		};
/* End PBXGroup section */

/* Begin PBXNativeTarget section */
		C1FFA1102787929B00921A47 /* Motocycles */ = {
			isa = PBXNativeTarget;
			buildConfigurationList = C1FFA1252787929B00921A47 /* Build configuration list for PBXNativeTarget "Motocycles" */;
			buildPhases = (
				6E8721F2B3E2F167A0661281 /* [CP] Check Pods Manifest.lock */,
				C1FFA10D2787929B00921A47 /* Sources */,
				C1FFA10E2787929B00921A47 /* Frameworks */,
				C1FFA10F2787929B00921A47 /* Resources */,
				44558038CF9601CFD8C6D868 /* [CP] Embed Pods Frameworks */,
			);
			buildRules = (
			);
			dependencies = (
			);
			name = Motocycles;
			productName = Motocycles;
			productReference = C1FFA1112787929B00921A47 /* Motocycles.app */;
			productType = "com.apple.product-type.application";
		};
/* End PBXNativeTarget section */

/* Begin PBXProject section */
		C1FFA1092787929B00921A47 /* Project object */ = {
			isa = PBXProject;
			attributes = {
				BuildIndependentTargetsInParallel = 1;
				LastSwiftUpdateCheck = 1320;
				LastUpgradeCheck = 1320;
				TargetAttributes = {
					C1FFA1102787929B00921A47 = {
						CreatedOnToolsVersion = 13.2.1;
					};
				};
			};
			buildConfigurationList = C1FFA10C2787929B00921A47 /* Build configuration list for PBXProject "Motocycles" */;
			compatibilityVersion = "Xcode 13.0";
			developmentRegion = en;
			hasScannedForEncodings = 0;
			knownRegions = (
				en,
				Base,
			);
			mainGroup = C1FFA1082787929B00921A47;
			productRefGroup = C1FFA1122787929B00921A47 /* Products */;
			projectDirPath = "";
			projectRoot = "";
			targets = (
				C1FFA1102787929B00921A47 /* Motocycles */,
			);
		};
/* End PBXProject section */

/* Begin PBXResourcesBuildPhase section */
		C1FFA10F2787929B00921A47 /* Resources */ = {
			isa = PBXResourcesBuildPhase;
			buildActionMask = 2147483647;
			files = (
				C1FFA12F2787996900921A47 /* starInHandBabyAstronaut.json in Resources */,
				C1FFA1302787996900921A47 /* graphDiagramAnimation.json in Resources */,
				C1FFA12E2787996900921A47 /* 404ErrorAnimation.json in Resources */,
				C1FFA1422789712F00921A47 /* itemHorario.xib in Resources */,
				C1FFA1212787929B00921A47 /* LaunchScreen.storyboard in Resources */,
				C1FFA1322787996900921A47 /* addlandHeatfavV2.json in Resources */,
				C16F3339278A34B100055FCC /* itemMotocycle.xib in Resources */,
				C1FFA1312787996900921A47 /* loadingCircles.json in Resources */,
				C1FFA11E2787929B00921A47 /* Assets.xcassets in Resources */,
				C1FFA11C2787929B00921A47 /* Main.storyboard in Resources */,
			);
			runOnlyForDeploymentPostprocessing = 0;
		};
/* End PBXResourcesBuildPhase section */

/* Begin PBXShellScriptBuildPhase section */
		44558038CF9601CFD8C6D868 /* [CP] Embed Pods Frameworks */ = {
			isa = PBXShellScriptBuildPhase;
			buildActionMask = 2147483647;
			files = (
			);
			inputFileListPaths = (
				"${PODS_ROOT}/Target Support Files/Pods-Motocycles/Pods-Motocycles-frameworks-${CONFIGURATION}-input-files.xcfilelist",
			);
			name = "[CP] Embed Pods Frameworks";
			outputFileListPaths = (
				"${PODS_ROOT}/Target Support Files/Pods-Motocycles/Pods-Motocycles-frameworks-${CONFIGURATION}-output-files.xcfilelist",
			);
			runOnlyForDeploymentPostprocessing = 0;
			shellPath = /bin/sh;
			shellScript = "\"${PODS_ROOT}/Target Support Files/Pods-Motocycles/Pods-Motocycles-frameworks.sh\"\n";
			showEnvVarsInLog = 0;
		};
		6E8721F2B3E2F167A0661281 /* [CP] Check Pods Manifest.lock */ = {
			isa = PBXShellScriptBuildPhase;
			buildActionMask = 2147483647;
			files = (
			);
			inputFileListPaths = (
			);
			inputPaths = (
				"${PODS_PODFILE_DIR_PATH}/Podfile.lock",
				"${PODS_ROOT}/Manifest.lock",
			);
			name = "[CP] Check Pods Manifest.lock";
			outputFileListPaths = (
			);
			outputPaths = (
				"$(DERIVED_FILE_DIR)/Pods-Motocycles-checkManifestLockResult.txt",
			);
			runOnlyForDeploymentPostprocessing = 0;
			shellPath = /bin/sh;
			shellScript = "diff \"${PODS_PODFILE_DIR_PATH}/Podfile.lock\" \"${PODS_ROOT}/Manifest.lock\" > /dev/null\nif [ $? != 0 ] ; then\n    # print error to STDERR\n    echo \"error: The sandbox is not in sync with the Podfile.lock. Run 'pod install' or update your CocoaPods installation.\" >&2\n    exit 1\nfi\n# This output is used by Xcode 'outputs' to avoid re-running this script phase.\necho \"SUCCESS\" > \"${SCRIPT_OUTPUT_FILE_0}\"\n";
			showEnvVarsInLog = 0;
		};
/* End PBXShellScriptBuildPhase section */

/* Begin PBXSourcesBuildPhase section */
		C1FFA10D2787929B00921A47 /* Sources */ = {
			isa = PBXSourcesBuildPhase;
			buildActionMask = 2147483647;
			files = (
				C16F3331278A1F1000055FCC /* DetalMotocycle.swift in Sources */,
				C1FFA1412789712F00921A47 /* itemHorario.swift in Sources */,
				C1FFA1362788C88100921A47 /* modelAnimations.swift in Sources */,
				C16F333E278A35C200055FCC /* itemMotocycle.swift in Sources */,
				C1FFA1392788D13100921A47 /* FunctionsAnimations.swift in Sources */,
				C16F332E278A1CF200055FCC /* ModelMotocycles.swift in Sources */,
				C16F3334278A1FC100055FCC /* protocolMotocycle.swift in Sources */,
				C1FFA13D2788E85800921A47 /* LaunchScreen.swift in Sources */,
				C1FFA1192787929B00921A47 /* ViewController.swift in Sources */,
				C1FFA1152787929B00921A47 /* AppDelegate.swift in Sources */,
				C1FFA1172787929B00921A47 /* SceneDelegate.swift in Sources */,
			);
			runOnlyForDeploymentPostprocessing = 0;
		};
/* End PBXSourcesBuildPhase section */

/* Begin PBXVariantGroup section */
		C1FFA11A2787929B00921A47 /* Main.storyboard */ = {
			isa = PBXVariantGroup;
			children = (
				C1FFA11B2787929B00921A47 /* Base */,
			);
			name = Main.storyboard;
			sourceTree = "<group>";
		};
		C1FFA11F2787929B00921A47 /* LaunchScreen.storyboard */ = {
			isa = PBXVariantGroup;
			children = (
				C1FFA1202787929B00921A47 /* Base */,
			);
			name = LaunchScreen.storyboard;
			sourceTree = "<group>";
		};
/* End PBXVariantGroup section */

/* Begin XCBuildConfiguration section */
		C1FFA1232787929B00921A47 /* Debug */ = {
			isa = XCBuildConfiguration;
			buildSettings = {
				ALWAYS_SEARCH_USER_PATHS = NO;
				CLANG_ANALYZER_NONNULL = YES;
				CLANG_ANALYZER_NUMBER_OBJECT_CONVERSION = YES_AGGRESSIVE;
				CLANG_CXX_LANGUAGE_STANDARD = "gnu++17";
				CLANG_CXX_LIBRARY = "libc++";
				CLANG_ENABLE_MODULES = YES;
				CLANG_ENABLE_OBJC_ARC = YES;
				CLANG_ENABLE_OBJC_WEAK = YES;
				CLANG_WARN_BLOCK_CAPTURE_AUTORELEASING = YES;
				CLANG_WARN_BOOL_CONVERSION = YES;
				CLANG_WARN_COMMA = YES;
				CLANG_WARN_CONSTANT_CONVERSION = YES;
				CLANG_WARN_DEPRECATED_OBJC_IMPLEMENTATIONS = YES;
				CLANG_WARN_DIRECT_OBJC_ISA_USAGE = YES_ERROR;
				CLANG_WARN_DOCUMENTATION_COMMENTS = YES;
				CLANG_WARN_EMPTY_BODY = YES;
				CLANG_WARN_ENUM_CONVERSION = YES;
				CLANG_WARN_INFINITE_RECURSION = YES;
				CLANG_WARN_INT_CONVERSION = YES;
				CLANG_WARN_NON_LITERAL_NULL_CONVERSION = YES;
				CLANG_WARN_OBJC_IMPLICIT_RETAIN_SELF = YES;
				CLANG_WARN_OBJC_LITERAL_CONVERSION = YES;
				CLANG_WARN_OBJC_ROOT_CLASS = YES_ERROR;
				CLANG_WARN_QUOTED_INCLUDE_IN_FRAMEWORK_HEADER = YES;
				CLANG_WARN_RANGE_LOOP_ANALYSIS = YES;
				CLANG_WARN_STRICT_PROTOTYPES = YES;
				CLANG_WARN_SUSPICIOUS_MOVE = YES;
				CLANG_WARN_UNGUARDED_AVAILABILITY = YES_AGGRESSIVE;
				CLANG_WARN_UNREACHABLE_CODE = YES;
				CLANG_WARN__DUPLICATE_METHOD_MATCH = YES;
				COPY_PHASE_STRIP = NO;
				DEBUG_INFORMATION_FORMAT = dwarf;
				ENABLE_STRICT_OBJC_MSGSEND = YES;
				ENABLE_TESTABILITY = YES;
				GCC_C_LANGUAGE_STANDARD = gnu11;
				GCC_DYNAMIC_NO_PIC = NO;
				GCC_NO_COMMON_BLOCKS = YES;
				GCC_OPTIMIZATION_LEVEL = 0;
				GCC_PREPROCESSOR_DEFINITIONS = (
					"DEBUG=1",
					"$(inherited)",
				);
				GCC_WARN_64_TO_32_BIT_CONVERSION = YES;
				GCC_WARN_ABOUT_RETURN_TYPE = YES_ERROR;
				GCC_WARN_UNDECLARED_SELECTOR = YES;
				GCC_WARN_UNINITIALIZED_AUTOS = YES_AGGRESSIVE;
				GCC_WARN_UNUSED_FUNCTION = YES;
				GCC_WARN_UNUSED_VARIABLE = YES;
				IPHONEOS_DEPLOYMENT_TARGET = 15.2;
				MTL_ENABLE_DEBUG_INFO = INCLUDE_SOURCE;
				MTL_FAST_MATH = YES;
				ONLY_ACTIVE_ARCH = YES;
				SDKROOT = iphoneos;
				SWIFT_ACTIVE_COMPILATION_CONDITIONS = DEBUG;
				SWIFT_OPTIMIZATION_LEVEL = "-Onone";
			};
			name = Debug;
		};
		C1FFA1242787929B00921A47 /* Release */ = {
			isa = XCBuildConfiguration;
			buildSettings = {
				ALWAYS_SEARCH_USER_PATHS = NO;
				CLANG_ANALYZER_NONNULL = YES;
				CLANG_ANALYZER_NUMBER_OBJECT_CONVERSION = YES_AGGRESSIVE;
				CLANG_CXX_LANGUAGE_STANDARD = "gnu++17";
				CLANG_CXX_LIBRARY = "libc++";
				CLANG_ENABLE_MODULES = YES;
				CLANG_ENABLE_OBJC_ARC = YES;
				CLANG_ENABLE_OBJC_WEAK = YES;
				CLANG_WARN_BLOCK_CAPTURE_AUTORELEASING = YES;
				CLANG_WARN_BOOL_CONVERSION = YES;
				CLANG_WARN_COMMA = YES;
				CLANG_WARN_CONSTANT_CONVERSION = YES;
				CLANG_WARN_DEPRECATED_OBJC_IMPLEMENTATIONS = YES;
				CLANG_WARN_DIRECT_OBJC_ISA_USAGE = YES_ERROR;
				CLANG_WARN_DOCUMENTATION_COMMENTS = YES;
				CLANG_WARN_EMPTY_BODY = YES;
				CLANG_WARN_ENUM_CONVERSION = YES;
				CLANG_WARN_INFINITE_RECURSION = YES;
				CLANG_WARN_INT_CONVERSION = YES;
				CLANG_WARN_NON_LITERAL_NULL_CONVERSION = YES;
				CLANG_WARN_OBJC_IMPLICIT_RETAIN_SELF = YES;
				CLANG_WARN_OBJC_LITERAL_CONVERSION = YES;
				CLANG_WARN_OBJC_ROOT_CLASS = YES_ERROR;
				CLANG_WARN_QUOTED_INCLUDE_IN_FRAMEWORK_HEADER = YES;
				CLANG_WARN_RANGE_LOOP_ANALYSIS = YES;
				CLANG_WARN_STRICT_PROTOTYPES = YES;
				CLANG_WARN_SUSPICIOUS_MOVE = YES;
				CLANG_WARN_UNGUARDED_AVAILABILITY = YES_AGGRESSIVE;
				CLANG_WARN_UNREACHABLE_CODE = YES;
				CLANG_WARN__DUPLICATE_METHOD_MATCH = YES;
				COPY_PHASE_STRIP = NO;
				DEBUG_INFORMATION_FORMAT = "dwarf-with-dsym";
				ENABLE_NS_ASSERTIONS = NO;
				ENABLE_STRICT_OBJC_MSGSEND = YES;
				GCC_C_LANGUAGE_STANDARD = gnu11;
				GCC_NO_COMMON_BLOCKS = YES;
				GCC_WARN_64_TO_32_BIT_CONVERSION = YES;
				GCC_WARN_ABOUT_RETURN_TYPE = YES_ERROR;
				GCC_WARN_UNDECLARED_SELECTOR = YES;
				GCC_WARN_UNINITIALIZED_AUTOS = YES_AGGRESSIVE;
				GCC_WARN_UNUSED_FUNCTION = YES;
				GCC_WARN_UNUSED_VARIABLE = YES;
				IPHONEOS_DEPLOYMENT_TARGET = 15.2;
				MTL_ENABLE_DEBUG_INFO = NO;
				MTL_FAST_MATH = YES;
				SDKROOT = iphoneos;
				SWIFT_COMPILATION_MODE = wholemodule;
				SWIFT_OPTIMIZATION_LEVEL = "-O";
				VALIDATE_PRODUCT = YES;
			};
			name = Release;
		};
		C1FFA1262787929B00921A47 /* Debug */ = {
			isa = XCBuildConfiguration;
			baseConfigurationReference = AA5CE53BFB9789C7FF1E0075 /* Pods-Motocycles.debug.xcconfig */;
			buildSettings = {
				ASSETCATALOG_COMPILER_APPICON_NAME = AppIcon;
				ASSETCATALOG_COMPILER_GLOBAL_ACCENT_COLOR_NAME = AccentColor;
				CODE_SIGN_STYLE = Automatic;
				CURRENT_PROJECT_VERSION = 1;
				GENERATE_INFOPLIST_FILE = YES;
				INFOPLIST_FILE = Motocycles/Info.plist;
				INFOPLIST_KEY_UIApplicationSupportsIndirectInputEvents = YES;
				INFOPLIST_KEY_UILaunchStoryboardName = LaunchScreen;
				INFOPLIST_KEY_UIMainStoryboardFile = Main;
				INFOPLIST_KEY_UISupportedInterfaceOrientations_iPad = "UIInterfaceOrientationPortrait UIInterfaceOrientationPortraitUpsideDown UIInterfaceOrientationLandscapeLeft UIInterfaceOrientationLandscapeRight";
				INFOPLIST_KEY_UISupportedInterfaceOrientations_iPhone = "UIInterfaceOrientationPortrait UIInterfaceOrientationLandscapeLeft UIInterfaceOrientationLandscapeRight";
				LD_RUNPATH_SEARCH_PATHS = (
					"$(inherited)",
					"@executable_path/Frameworks",
				);
				MARKETING_VERSION = 1.0;
				PRODUCT_BUNDLE_IDENTIFIER = com.free.Motocycles;
				PRODUCT_NAME = "$(TARGET_NAME)";
				SWIFT_EMIT_LOC_STRINGS = YES;
				SWIFT_VERSION = 5.0;
				TARGETED_DEVICE_FAMILY = "1,2";
			};
			name = Debug;
		};
		C1FFA1272787929B00921A47 /* Release */ = {
			isa = XCBuildConfiguration;
			baseConfigurationReference = 4BA466167BBA6EB7C9419DD8 /* Pods-Motocycles.release.xcconfig */;
			buildSettings = {
				ASSETCATALOG_COMPILER_APPICON_NAME = AppIcon;
				ASSETCATALOG_COMPILER_GLOBAL_ACCENT_COLOR_NAME = AccentColor;
				CODE_SIGN_STYLE = Automatic;
				CURRENT_PROJECT_VERSION = 1;
				GENERATE_INFOPLIST_FILE = YES;
				INFOPLIST_FILE = Motocycles/Info.plist;
				INFOPLIST_KEY_UIApplicationSupportsIndirectInputEvents = YES;
				INFOPLIST_KEY_UILaunchStoryboardName = LaunchScreen;
				INFOPLIST_KEY_UIMainStoryboardFile = Main;
				INFOPLIST_KEY_UISupportedInterfaceOrientations_iPad = "UIInterfaceOrientationPortrait UIInterfaceOrientationPortraitUpsideDown UIInterfaceOrientationLandscapeLeft UIInterfaceOrientationLandscapeRight";
				INFOPLIST_KEY_UISupportedInterfaceOrientations_iPhone = "UIInterfaceOrientationPortrait UIInterfaceOrientationLandscapeLeft UIInterfaceOrientationLandscapeRight";
				LD_RUNPATH_SEARCH_PATHS = (
					"$(inherited)",
					"@executable_path/Frameworks",
				);
				MARKETING_VERSION = 1.0;
				PRODUCT_BUNDLE_IDENTIFIER = com.free.Motocycles;
				PRODUCT_NAME = "$(TARGET_NAME)";
				SWIFT_EMIT_LOC_STRINGS = YES;
				SWIFT_VERSION = 5.0;
				TARGETED_DEVICE_FAMILY = "1,2";
			};
			name = Release;
		};
/* End XCBuildConfiguration section */

/* Begin XCConfigurationList section */
		C1FFA10C2787929B00921A47 /* Build configuration list for PBXProject "Motocycles" */ = {
			isa = XCConfigurationList;
			buildConfigurations = (
				C1FFA1232787929B00921A47 /* Debug */,
				C1FFA1242787929B00921A47 /* Release */,
			);
			defaultConfigurationIsVisible = 0;
			defaultConfigurationName = Release;
		};
		C1FFA1252787929B00921A47 /* Build configuration list for PBXNativeTarget "Motocycles" */ = {
			isa = XCConfigurationList;
			buildConfigurations = (
				C1FFA1262787929B00921A47 /* Debug */,
				C1FFA1272787929B00921A47 /* Release */,
			);
			defaultConfigurationIsVisible = 0;
			defaultConfigurationName = Release;
		};
/* End XCConfigurationList section */
	};
	rootObject = C1FFA1092787929B00921A47 /* Project object */;
}
